{
    "_meta": {
        "hash": {
            "sha256": "5fc2359da9781c9a69c2187969c8d8beab2114b93a5da97d832a71d785422e89"
        },
        "pipfile-spec": 6,
        "requires": {
            "python_version": "3.8"
        },
        "sources": [
            {
                "name": "pypi",
                "url": "https://pypi.org/simple",
                "verify_ssl": true
            }
        ]
    },
    "default": {
        "binarytree": {
            "hashes": [
                "sha256:ab715f3d14e09064af60228b9f9021189a28ac15b45a063ab468ca79ef38e109",
                "sha256:e6c10746630b097dfd891d2e1fae7514f086257fd05d1b7b939caf854501497b"
            ],
            "index": "pypi",
            "version": "==6.3.0"
        },
        "graphviz": {
            "hashes": [
                "sha256:3cad5517c961090dfc679df6402a57de62d97703e2880a1a46147bb0dc1639eb",
                "sha256:d2d25af1c199cad567ce4806f0449cb74eb30cf451fd7597251e1da099ac6e57"
            ],
            "markers": "python_version >= '2.7' and python_version not in '3.0, 3.1, 3.2, 3.3, 3.4, 3.5'",
            "version": "==0.16"
        },
        "setuptools-scm": {
            "extras": [
                "toml"
            ],
            "hashes": [
                "sha256:c3bd5f701c8def44a5c0bfe8d407bef3f80342217ef3492b951f3777bd2d915c",
                "sha256:d1925a69cb07e9b29416a275b9fadb009a23c148ace905b2fb220649a6c18e92"
            ],
            "markers": "python_version >= '3.6'",
            "version": "==6.0.1"
        },
        "toml": {
            "hashes": [
                "sha256:806143ae5bfb6a3c6e736a764057db0e6a0e05e338b5630894a5f779cabb4f9b",
                "sha256:b3bda1d108d5dd99f4a20d24d9c348e91c4db7ab1b749200bded2f839ccbe68f"
            ],
            "version": "==0.10.2"
        }
    },
    "develop": {}
}
